
Microsoft Visual Studio Solution File, Format Version 12.00
# Visual Studio Version 16
VisualStudioVersion = 16.0.35325.158
MinimumVisualStudioVersion = 10.0.40219.1
Project("{FAE04EC0-301F-11D3-BF4B-00C04F79EFBC}") = "TestTemplate", "TestTemplate.csproj", "{DF772A87-FB16-491F-9B12-0F54E8EB46DF}"
EndProject
Global
	GlobalSection(SolutionConfigurationPlatforms) = preSolution
		Debug|Any CPU = Debug|Any CPU
		Release|Any CPU = Release|Any CPU
	EndGlobalSection
	GlobalSection(ProjectConfigurationPlatforms) = postSolution
		{DF772A87-FB16-491F-9B12-0F54E8EB46DF}.Debug|Any CPU.ActiveCfg = Debug|Any CPU
		{DF772A87-FB16-491F-9B12-0F54E8EB46DF}.Debug|Any CPU.Build.0 = Debug|Any CPU
		{DF772A87-FB16-491F-9B12-0F54E8EB46DF}.Release|Any CPU.ActiveCfg = Release|Any CPU
		{DF772A87-FB16-491F-9B12-0F54E8EB46DF}.Release|Any CPU.Build.0 = Release|Any CPU
	EndGlobalSection
	GlobalSection(SolutionProperties) = preSolution
		HideSolutionNode = FALSE
	EndGlobalSection
	GlobalSection(ExtensibilityGlobals) = postSolution
		SolutionGuid = {79EBC0E7-A499-484C-98FE-5F31109E2588}
	EndGlobalSection
EndGlobal
